
Microsoft Visual Studio Solution File, Format Version 12.00
# Visual Studio Version 17
VisualStudioVersion = 17.6.33617.297
MinimumVisualStudioVersion = 10.0.40219.1
Project("{9A19103F-16F7-4668-BE54-9A1E7A4F7556}") = "PCloudUploader", "PCloudUploader\PCloudUploader.csproj", "{18EBA690-6519-43C6-96C4-5B8EF74B8A75}"
EndProject
Project("{9A19103F-16F7-4668-BE54-9A1E7A4F7556}") = "PCloudUploader.Test", "PCloudUploader.Test\PCloudUploader.Test.csproj", "{2C9A8B7B-54EB-45D1-A97D-34BABCCB3159}"
EndProject
Project("{2150E333-8FDC-42A3-9474-1A3956D46DE8}") = "SolutionFiles", "SolutionFiles", "{8E5C0DAD-C492-4A9D-8D83-191F71644642}"
	ProjectSection(SolutionItems) = preProject
		..\.gitignore = ..\.gitignore
		..\README.md = ..\README.md
	EndProjectSection
EndProject
Global
	GlobalSection(SolutionConfigurationPlatforms) = preSolution
		Debug|Any CPU = Debug|Any CPU
		Release|Any CPU = Release|Any CPU
	EndGlobalSection
	GlobalSection(ProjectConfigurationPlatforms) = postSolution
		{18EBA690-6519-43C6-96C4-5B8EF74B8A75}.Debug|Any CPU.ActiveCfg = Debug|Any CPU
		{18EBA690-6519-43C6-96C4-5B8EF74B8A75}.Debug|Any CPU.Build.0 = Debug|Any CPU
		{18EBA690-6519-43C6-96C4-5B8EF74B8A75}.Release|Any CPU.ActiveCfg = Release|Any CPU
		{18EBA690-6519-43C6-96C4-5B8EF74B8A75}.Release|Any CPU.Build.0 = Release|Any CPU
		{2C9A8B7B-54EB-45D1-A97D-34BABCCB3159}.Debug|Any CPU.ActiveCfg = Debug|Any CPU
		{2C9A8B7B-54EB-45D1-A97D-34BABCCB3159}.Debug|Any CPU.Build.0 = Debug|Any CPU
		{2C9A8B7B-54EB-45D1-A97D-34BABCCB3159}.Release|Any CPU.ActiveCfg = Release|Any CPU
		{2C9A8B7B-54EB-45D1-A97D-34BABCCB3159}.Release|Any CPU.Build.0 = Release|Any CPU
	EndGlobalSection
	GlobalSection(SolutionProperties) = preSolution
		HideSolutionNode = FALSE
	EndGlobalSection
	GlobalSection(ExtensibilityGlobals) = postSolution
		SolutionGuid = {D2731FE4-6F4F-4DC8-945A-A13FECA862AD}
	EndGlobalSection
EndGlobal
